// !$*UTF8*$!
{
	archiveVersion = 1;
	classes = {
	};
	objectVersion = 46;
	objects = {

/* Begin PBXBuildFile section */
		41E021DD1CA9454F00FC9989 /* main.m in Sources */ = {isa = PBXBuildFile; fileRef = 41E021DC1CA9454F00FC9989 /* main.m */; };
		41E021E01CA9454F00FC9989 /* AppDelegate.m in Sources */ = {isa = PBXBuildFile; fileRef = 41E021DF1CA9454F00FC9989 /* AppDelegate.m */; };
		41E021E31CA9454F00FC9989 /* ViewController.m in Sources */ = {isa = PBXBuildFile; fileRef = 41E021E21CA9454F00FC9989 /* ViewController.m */; };
		41E021E61CA9454F00FC9989 /* Main.storyboard in Resources */ = {isa = PBXBuildFile; fileRef = 41E021E41CA9454F00FC9989 /* Main.storyboard */; };
		41E021E91CA9454F00FC9989 /* ButtonSwipe.xcdatamodeld in Sources */ = {isa = PBXBuildFile; fileRef = 41E021E71CA9454F00FC9989 /* ButtonSwipe.xcdatamodeld */; };
		41E021EB1CA9454F00FC9989 /* Assets.xcassets in Resources */ = {isa = PBXBuildFile; fileRef = 41E021EA1CA9454F00FC9989 /* Assets.xcassets */; };
		41E021EE1CA9454F00FC9989 /* LaunchScreen.storyboard in Resources */ = {isa = PBXBuildFile; fileRef = 41E021EC1CA9454F00FC9989 /* LaunchScreen.storyboard */; };
/* End PBXBuildFile section */

/* Begin PBXFileReference section */
		41E021D81CA9454F00FC9989 /* ButtonSwipe.app */ = {isa = PBXFileReference; explicitFileType = wrapper.application; includeInIndex = 0; path = ButtonSwipe.app; sourceTree = BUILT_PRODUCTS_DIR; };
		41E021DC1CA9454F00FC9989 /* main.m */ = {isa = PBXFileReference; lastKnownFileType = sourcecode.c.objc; path = main.m; sourceTree = "<group>"; };
		41E021DE1CA9454F00FC9989 /* AppDelegate.h */ = {isa = PBXFileReference; lastKnownFileType = sourcecode.c.h; path = AppDelegate.h; sourceTree = "<group>"; };
		41E021DF1CA9454F00FC9989 /* AppDelegate.m */ = {isa = PBXFileReference; lastKnownFileType = sourcecode.c.objc; path = AppDelegate.m; sourceTree = "<group>"; };
		41E021E11CA9454F00FC9989 /* ViewController.h */ = {isa = PBXFileReference; lastKnownFileType = sourcecode.c.h; path = ViewController.h; sourceTree = "<group>"; };
		41E021E21CA9454F00FC9989 /* ViewController.m */ = {isa = PBXFileReference; lastKnownFileType = sourcecode.c.objc; path = ViewController.m; sourceTree = "<group>"; };
		41E021E51CA9454F00FC9989 /* Base */ = {isa = PBXFileReference; lastKnownFileType = file.storyboard; name = Base; path = Base.lproj/Main.storyboard; sourceTree = "<group>"; };
		41E021E81CA9454F00FC9989 /* ButtonSwipe.xcdatamodel */ = {isa = PBXFileReference; lastKnownFileType = wrapper.xcdatamodel; path = ButtonSwipe.xcdatamodel; sourceTree = "<group>"; };
		41E021EA1CA9454F00FC9989 /* Assets.xcassets */ = {isa = PBXFileReference; lastKnownFileType = folder.assetcatalog; path = Assets.xcassets; sourceTree = "<group>"; };
		41E021ED1CA9454F00FC9989 /* Base */ = {isa = PBXFileReference; lastKnownFileType = file.storyboard; name = Base; path = Base.lproj/LaunchScreen.storyboard; sourceTree = "<group>"; };
		41E021EF1CA9454F00FC9989 /* Info.plist */ = {isa = PBXFileReference; lastKnownFileType = text.plist.xml; path = Info.plist; sourceTree = "<group>"; };
/* End PBXFileReference section */

/* Begin PBXFrameworksBuildPhase section */
		41E021D51CA9454F00FC9989 /* Frameworks */ = {
			isa = PBXFrameworksBuildPhase;
			buildActionMask = 2147483647;
			files = (
			);
			runOnlyForDeploymentPostprocessing = 0;
		};
/* End PBXFrameworksBuildPhase section */

/* Begin PBXGroup section */
		41E021CF1CA9454F00FC9989 = {
			isa = PBXGroup;
			children = (
				41E021DA1CA9454F00FC9989 /* ButtonSwipe */,
				41E021D91CA9454F00FC9989 /* Products */,
			);
			sourceTree = "<group>";
		};
		41E021D91CA9454F00FC9989 /* Products */ = {
			isa = PBXGroup;
			children = (
				41E021D81CA9454F00FC9989 /* ButtonSwipe.app */,
			);
			name = Products;
			sourceTree = "<group>";
		};
		41E021DA1CA9454F00FC9989 /* ButtonSwipe */ = {
			isa = PBXGroup;
			children = (
				41E021DE1CA9454F00FC9989 /* AppDelegate.h */,
				41E021DF1CA9454F00FC9989 /* AppDelegate.m */,
				41E021E11CA9454F00FC9989 /* ViewController.h */,
				41E021E21CA9454F00FC9989 /* ViewController.m */,
				41E021E41CA9454F00FC9989 /* Main.storyboard */,
				41E021EA1CA9454F00FC9989 /* Assets.xcassets */,
				41E021EC1CA9454F00FC9989 /* LaunchScreen.storyboard */,
				41E021EF1CA9454F00FC9989 /* Info.plist */,
				41E021E71CA9454F00FC9989 /* ButtonSwipe.xcdatamodeld */,
				41E021DB1CA9454F00FC9989 /* Supporting Files */,
			);
			path = ButtonSwipe;
			sourceTree = "<group>";
		};
		41E021DB1CA9454F00FC9989 /* Supporting Files */ = {
			isa = PBXGroup;
			children = (
				41E021DC1CA9454F00FC9989 /* main.m */,
			);
			name = "Supporting Files";
			sourceTree = "<group>";
		};
/* End PBXGroup section */

/* Begin PBXNativeTarget section */
		41E021D71CA9454F00FC9989 /* ButtonSwipe */ = {
			isa = PBXNativeTarget;
			buildConfigurationList = 41E021F21CA9454F00FC9989 /* Build configuration list for PBXNativeTarget "ButtonSwipe" */;
			buildPhases = (
				41E021D41CA9454F00FC9989 /* Sources */,
				41E021D51CA9454F00FC9989 /* Frameworks */,
				41E021D61CA9454F00FC9989 /* Resources */,
			);
			buildRules = (
			);
			dependencies = (
			);
			name = ButtonSwipe;
			productName = ButtonSwipe;
			productReference = 41E021D81CA9454F00FC9989 /* ButtonSwipe.app */;
			productType = "com.apple.product-type.application";
		};
/* End PBXNativeTarget section */

/* Begin PBXProject section */
		41E021D01CA9454F00FC9989 /* Project object */ = {
			isa = PBXProject;
			attributes = {
				LastUpgradeCheck = 0720;
				ORGANIZATIONNAME = mobile;
				TargetAttributes = {
					41E021D71CA9454F00FC9989 = {
						CreatedOnToolsVersion = 7.2;
					};
				};
			};
			buildConfigurationList = 41E021D31CA9454F00FC9989 /* Build configuration list for PBXProject "ButtonSwipe" */;
			compatibilityVersion = "Xcode 3.2";
			developmentRegion = English;
			hasScannedForEncodings = 0;
			knownRegions = (
				en,
				Base,
			);
			mainGroup = 41E021CF1CA9454F00FC9989;
			productRefGroup = 41E021D91CA9454F00FC9989 /* Products */;
			projectDirPath = "";
			projectRoot = "";
			targets = (
				41E021D71CA9454F00FC9989 /* ButtonSwipe */,
			);
		};
/* End PBXProject section */

/* Begin PBXResourcesBuildPhase section */
		41E021D61CA9454F00FC9989 /* Resources */ = {
			isa = PBXResourcesBuildPhase;
			buildActionMask = 2147483647;
			files = (
				41E021EE1CA9454F00FC9989 /* LaunchScreen.storyboard in Resources */,
				41E021EB1CA9454F00FC9989 /* Assets.xcassets in Resources */,
				41E021E61CA9454F00FC9989 /* Main.storyboard in Resources */,
			);
			runOnlyForDeploymentPostprocessing = 0;
		};
/* End PBXResourcesBuildPhase section */

/* Begin PBXSourcesBuildPhase section */
		41E021D41CA9454F00FC9989 /* Sources */ = {
			isa = PBXSourcesBuildPhase;
			buildActionMask = 2147483647;
			files = (
				41E021E91CA9454F00FC9989 /* ButtonSwipe.xcdatamodeld in Sources */,
				41E021E31CA9454F00FC9989 /* ViewController.m in Sources */,
				41E021E01CA9454F00FC9989 /* AppDelegate.m in Sources */,
				41E021DD1CA9454F00FC9989 /* main.m in Sources */,
			);
			runOnlyForDeploymentPostprocessing = 0;
		};
/* End PBXSourcesBuildPhase section */

/* Begin PBXVariantGroup section */
		41E021E41CA9454F00FC9989 /* Main.storyboard */ = {
			isa = PBXVariantGroup;
			children = (
				41E021E51CA9454F00FC9989 /* Base */,
			);
			name = Main.storyboard;
			sourceTree = "<group>";
		};
		41E021EC1CA9454F00FC9989 /* LaunchScreen.storyboard */ = {
			isa = PBXVariantGroup;
			children = (
				41E021ED1CA9454F00FC9989 /* Base */,
			);
			name = LaunchScreen.storyboard;
			sourceTree = "<group>";
		};
/* End PBXVariantGroup section */

/* Begin XCBuildConfiguration section */
		41E021F01CA9454F00FC9989 /* Debug */ = {
			isa = XCBuildConfiguration;
			buildSettings = {
				ALWAYS_SEARCH_USER_PATHS = NO;
				CLANG_CXX_LANGUAGE_STANDARD = "gnu++0x";
				CLANG_CXX_LIBRARY = "libc++";
				CLANG_ENABLE_MODULES = YES;
				CLANG_ENABLE_OBJC_ARC = YES;
				CLANG_WARN_BOOL_CONVERSION = YES;
				CLANG_WARN_CONSTANT_CONVERSION = YES;
				CLANG_WARN_DIRECT_OBJC_ISA_USAGE = YES_ERROR;
				CLANG_WARN_EMPTY_BODY = YES;
				CLANG_WARN_ENUM_CONVERSION = YES;
				CLANG_WARN_INT_CONVERSION = YES;
				CLANG_WARN_OBJC_ROOT_CLASS = YES_ERROR;
				CLANG_WARN_UNREACHABLE_CODE = YES;
				CLANG_WARN__DUPLICATE_METHOD_MATCH = YES;
				"CODE_SIGN_IDENTITY[sdk=iphoneos*]" = "iPhone Developer";
				COPY_PHASE_STRIP = NO;
				DEBUG_INFORMATION_FORMAT = dwarf;
				ENABLE_STRICT_OBJC_MSGSEND = YES;
				ENABLE_TESTABILITY = YES;
				GCC_C_LANGUAGE_STANDARD = gnu99;
				GCC_DYNAMIC_NO_PIC = NO;
				GCC_NO_COMMON_BLOCKS = YES;
				GCC_OPTIMIZATION_LEVEL = 0;
				GCC_PREPROCESSOR_DEFINITIONS = (
					"DEBUG=1",
					"$(inherited)",
				);
				GCC_WARN_64_TO_32_BIT_CONVERSION = YES;
				GCC_WARN_ABOUT_RETURN_TYPE = YES_ERROR;
				GCC_WARN_UNDECLARED_SELECTOR = YES;
				GCC_WARN_UNINITIALIZED_AUTOS = YES_AGGRESSIVE;
				GCC_WARN_UNUSED_FUNCTION = YES;
				GCC_WARN_UNUSED_VARIABLE = YES;
				IPHONEOS_DEPLOYMENT_TARGET = 9.2;
				MTL_ENABLE_DEBUG_INFO = YES;
				ONLY_ACTIVE_ARCH = YES;
				SDKROOT = iphoneos;
			};
			name = Debug;
		};
		41E021F11CA9454F00FC9989 /* Release */ = {
			isa = XCBuildConfiguration;
			buildSettings = {
				ALWAYS_SEARCH_USER_PATHS = NO;
				CLANG_CXX_LANGUAGE_STANDARD = "gnu++0x";
				CLANG_CXX_LIBRARY = "libc++";
				CLANG_ENABLE_MODULES = YES;
				CLANG_ENABLE_OBJC_ARC = YES;
				CLANG_WARN_BOOL_CONVERSION = YES;
				CLANG_WARN_CONSTANT_CONVERSION = YES;
				CLANG_WARN_DIRECT_OBJC_ISA_USAGE = YES_ERROR;
				CLANG_WARN_EMPTY_BODY = YES;
				CLANG_WARN_ENUM_CONVERSION = YES;
				CLANG_WARN_INT_CONVERSION = YES;
				CLANG_WARN_OBJC_ROOT_CLASS = YES_ERROR;
				CLANG_WARN_UNREACHABLE_CODE = YES;
				CLANG_WARN__DUPLICATE_METHOD_MATCH = YES;
				"CODE_SIGN_IDENTITY[sdk=iphoneos*]" = "iPhone Developer";
				COPY_PHASE_STRIP = NO;
				DEBUG_INFORMATION_FORMAT = "dwarf-with-dsym";
				ENABLE_NS_ASSERTIONS = NO;
				ENABLE_STRICT_OBJC_MSGSEND = YES;
				GCC_C_LANGUAGE_STANDARD = gnu99;
				GCC_NO_COMMON_BLOCKS = YES;
				GCC_WARN_64_TO_32_BIT_CONVERSION = YES;
				GCC_WARN_ABOUT_RETURN_TYPE = YES_ERROR;
				GCC_WARN_UNDECLARED_SELECTOR = YES;
				GCC_WARN_UNINITIALIZED_AUTOS = YES_AGGRESSIVE;
				GCC_WARN_UNUSED_FUNCTION = YES;
				GCC_WARN_UNUSED_VARIABLE = YES;
				IPHONEOS_DEPLOYMENT_TARGET = 9.2;
				MTL_ENABLE_DEBUG_INFO = NO;
				SDKROOT = iphoneos;
				VALIDATE_PRODUCT = YES;
			};
			name = Release;
		};
		41E021F31CA9454F00FC9989 /* Debug */ = {
			isa = XCBuildConfiguration;
			buildSettings = {
				ASSETCATALOG_COMPILER_APPICON_NAME = AppIcon;
				INFOPLIST_FILE = ButtonSwipe/Info.plist;
				LD_RUNPATH_SEARCH_PATHS = "$(inherited) @executable_path/Frameworks";
				PRODUCT_BUNDLE_IDENTIFIER = com.dan.ButtonSwipe;
				PRODUCT_NAME = "$(TARGET_NAME)";
			};
			name = Debug;
		};
		41E021F41CA9454F00FC9989 /* Release */ = {
			isa = XCBuildConfiguration;
			buildSettings = {
				ASSETCATALOG_COMPILER_APPICON_NAME = AppIcon;
				INFOPLIST_FILE = ButtonSwipe/Info.plist;
				LD_RUNPATH_SEARCH_PATHS = "$(inherited) @executable_path/Frameworks";
				PRODUCT_BUNDLE_IDENTIFIER = com.dan.ButtonSwipe;
				PRODUCT_NAME = "$(TARGET_NAME)";
			};
			name = Release;
		};
/* End XCBuildConfiguration section */

/* Begin XCConfigurationList section */
		41E021D31CA9454F00FC9989 /* Build configuration list for PBXProject "ButtonSwipe" */ = {
			isa = XCConfigurationList;
			buildConfigurations = (
				41E021F01CA9454F00FC9989 /* Debug */,
				41E021F11CA9454F00FC9989 /* Release */,
			);
			defaultConfigurationIsVisible = 0;
			defaultConfigurationName = Release;
		};
		41E021F21CA9454F00FC9989 /* Build configuration list for PBXNativeTarget "ButtonSwipe" */ = {
			isa = XCConfigurationList;
			buildConfigurations = (
				41E021F31CA9454F00FC9989 /* Debug */,
				41E021F41CA9454F00FC9989 /* Release */,
			);
			defaultConfigurationIsVisible = 0;
		};
/* End XCConfigurationList section */

/* Begin XCVersionGroup section */
		41E021E71CA9454F00FC9989 /* ButtonSwipe.xcdatamodeld */ = {
			isa = XCVersionGroup;
			children = (
				41E021E81CA9454F00FC9989 /* ButtonSwipe.xcdatamodel */,
			);
			currentVersion = 41E021E81CA9454F00FC9989 /* ButtonSwipe.xcdatamodel */;
			path = ButtonSwipe.xcdatamodeld;
			sourceTree = "<group>";
			versionGroupType = wrapper.xcdatamodel;
		};
/* End XCVersionGroup section */
	};
	rootObject = 41E021D01CA9454F00FC9989 /* Project object */;
}
